
Microsoft Visual Studio Solution File, Format Version 12.00
# Visual Studio Version 17
VisualStudioVersion = 17.11.35431.28
MinimumVisualStudioVersion = 10.0.40219.1
Project("{8BC9CEB8-8B4A-11D0-8D11-00A0C91BC942}") = "Simulation", "Simulation.vcxproj", "{8A3EDBFA-3EB7-4D28-941A-91AB807CF9BF}"
EndProject
Global
	GlobalSection(SolutionConfigurationPlatforms) = preSolution
		Debug|x86 = Debug|x86
		Release|x86 = Release|x86
	EndGlobalSection
	GlobalSection(ProjectConfigurationPlatforms) = postSolution
		{8A3EDBFA-3EB7-4D28-941A-91AB807CF9BF}.Debug|x86.ActiveCfg = Debug|Win32
		{8A3EDBFA-3EB7-4D28-941A-91AB807CF9BF}.Debug|x86.Build.0 = Debug|Win32
		{8A3EDBFA-3EB7-4D28-941A-91AB807CF9BF}.Release|x86.ActiveCfg = Release|Win32
		{8A3EDBFA-3EB7-4D28-941A-91AB807CF9BF}.Release|x86.Build.0 = Release|Win32
	EndGlobalSection
	GlobalSection(SolutionProperties) = preSolution
		HideSolutionNode = FALSE
	EndGlobalSection
	GlobalSection(ExtensibilityGlobals) = postSolution
		SolutionGuid = {C1AD0E3B-5E51-4E5E-88B5-B299B28E3D8A}
	EndGlobalSection
EndGlobal
